
Microsoft Visual Studio Solution File, Format Version 12.00
# Visual Studio Version 17
VisualStudioVersion = 17.8.34330.188
MinimumVisualStudioVersion = 10.0.40219.1
Project("{FAE04EC0-301F-11D3-BF4B-00C04F79EFBC}") = "BiotopeMap", "BiotopeMap\BiotopeMap.csproj", "{CFCABDDB-A9D6-461D-8C62-3AF15B97AC46}"
EndProject
Global
	GlobalSection(SolutionConfigurationPlatforms) = preSolution
		Debug|Any CPU = Debug|Any CPU
		Release|Any CPU = Release|Any CPU
	EndGlobalSection
	GlobalSection(ProjectConfigurationPlatforms) = postSolution
		{CFCABDDB-A9D6-461D-8C62-3AF15B97AC46}.Debug|Any CPU.ActiveCfg = Debug|Any CPU
		{CFCABDDB-A9D6-461D-8C62-3AF15B97AC46}.Debug|Any CPU.Build.0 = Debug|Any CPU
		{CFCABDDB-A9D6-461D-8C62-3AF15B97AC46}.Release|Any CPU.ActiveCfg = Release|Any CPU
		{CFCABDDB-A9D6-461D-8C62-3AF15B97AC46}.Release|Any CPU.Build.0 = Release|Any CPU
	EndGlobalSection
	GlobalSection(SolutionProperties) = preSolution
		HideSolutionNode = FALSE
	EndGlobalSection
	GlobalSection(ExtensibilityGlobals) = postSolution
		SolutionGuid = {9877D707-2924-49EB-B730-8EBBE6D78BF2}
	EndGlobalSection
EndGlobal
